
Microsoft Visual Studio Solution File, Format Version 12.00
# Visual Studio 15
VisualStudioVersion = 15.0.28307.645
MinimumVisualStudioVersion = 10.0.40219.1
Project("{9A19103F-16F7-4668-BE54-9A1E7A4F7556}") = "MasterServer.Common", "MasterServer.Common\MasterServer.Common.csproj", "{A81471F2-3E6A-4CEB-8B3F-E5C54BAC5D30}"
EndProject
Project("{9A19103F-16F7-4668-BE54-9A1E7A4F7556}") = "Byt3.Utilities.Serialization", "Byt3\Utilities\Byt3.Utilities.Serialization\Byt3.Utilities.Serialization.csproj", "{867F27C4-D5B9-434E-BED7-16BF80DDF900}"
EndProject
Project("{9A19103F-16F7-4668-BE54-9A1E7A4F7556}") = "Byt3.Serialization", "Byt3\Libraries\Byt3.Serialization\Byt3.Serialization.csproj", "{B70018C5-99C3-4E68-B417-C8CA7A01EB9C}"
EndProject
Project("{9A19103F-16F7-4668-BE54-9A1E7A4F7556}") = "Byt3.Utilities.Exceptions", "Byt3\Utilities\Byt3.Utilities.Exceptions\Byt3.Utilities.Exceptions.csproj", "{95FC63A4-2D69-467E-A33B-88762994154F}"
EndProject
Project("{9A19103F-16F7-4668-BE54-9A1E7A4F7556}") = "Byt3.ADL", "Byt3\Libraries\Byt3.ADL\Byt3.ADL\Byt3.ADL.csproj", "{C12ED220-FEBD-4E82-A64B-68A9784F2E9B}"
EndProject
Project("{9A19103F-16F7-4668-BE54-9A1E7A4F7556}") = "Byt3.MAssert", "Byt3\Libraries\Byt3.MAssert\Byt3.MAssert.csproj", "{C52C4DC2-7ABD-4E4D-A526-B336B4ACA576}"
EndProject
Project("{9A19103F-16F7-4668-BE54-9A1E7A4F7556}") = "Byt3.Collections", "Byt3\Libraries\Byt3.Collections\Byt3.Collections.csproj", "{BB61FE61-D8FF-40D0-A863-AA3E20C8359B}"
EndProject
Project("{9A19103F-16F7-4668-BE54-9A1E7A4F7556}") = "Byt3.Callbacks", "Byt3\Utilities\Byt3.Callbacks\Byt3.Callbacks.csproj", "{455C30E5-7FA1-4FF2-B51D-A711EBB21293}"
EndProject
Project("{9A19103F-16F7-4668-BE54-9A1E7A4F7556}") = "MasterServer.Server", "MasterServer.Server\MasterServer.Server.csproj", "{F059342E-955A-4FE8-A47C-6486FE6E4F2D}"
EndProject
Project("{9A19103F-16F7-4668-BE54-9A1E7A4F7556}") = "MasterServer.Client", "MasterServer.Client\MasterServer.Client.csproj", "{83CA3787-5060-4D6B-933B-8CD1FBB9FF20}"
EndProject
Project("{9A19103F-16F7-4668-BE54-9A1E7A4F7556}") = "MasterServer", "MasterServer\MasterServer.csproj", "{67F6C4C2-A304-4969-B2FD-3F994888D328}"
EndProject
Project("{9A19103F-16F7-4668-BE54-9A1E7A4F7556}") = "Byt3.CommandRunner", "Byt3\Libraries\Byt3.CommandRunner\Byt3.CommandRunner.csproj", "{EA71F45F-A384-4FC3-A9BF-F7AD0F26D29B}"
EndProject
Global
	GlobalSection(SolutionConfigurationPlatforms) = preSolution
		Debug|Any CPU = Debug|Any CPU
		Release|Any CPU = Release|Any CPU
	EndGlobalSection
	GlobalSection(ProjectConfigurationPlatforms) = postSolution
		{A81471F2-3E6A-4CEB-8B3F-E5C54BAC5D30}.Debug|Any CPU.ActiveCfg = Debug|Any CPU
		{A81471F2-3E6A-4CEB-8B3F-E5C54BAC5D30}.Debug|Any CPU.Build.0 = Debug|Any CPU
		{A81471F2-3E6A-4CEB-8B3F-E5C54BAC5D30}.Release|Any CPU.ActiveCfg = Release|Any CPU
		{A81471F2-3E6A-4CEB-8B3F-E5C54BAC5D30}.Release|Any CPU.Build.0 = Release|Any CPU
		{867F27C4-D5B9-434E-BED7-16BF80DDF900}.Debug|Any CPU.ActiveCfg = Debug|Any CPU
		{867F27C4-D5B9-434E-BED7-16BF80DDF900}.Debug|Any CPU.Build.0 = Debug|Any CPU
		{867F27C4-D5B9-434E-BED7-16BF80DDF900}.Release|Any CPU.ActiveCfg = Release|Any CPU
		{867F27C4-D5B9-434E-BED7-16BF80DDF900}.Release|Any CPU.Build.0 = Release|Any CPU
		{B70018C5-99C3-4E68-B417-C8CA7A01EB9C}.Debug|Any CPU.ActiveCfg = Debug|Any CPU
		{B70018C5-99C3-4E68-B417-C8CA7A01EB9C}.Debug|Any CPU.Build.0 = Debug|Any CPU
		{B70018C5-99C3-4E68-B417-C8CA7A01EB9C}.Release|Any CPU.ActiveCfg = Release|Any CPU
		{B70018C5-99C3-4E68-B417-C8CA7A01EB9C}.Release|Any CPU.Build.0 = Release|Any CPU
		{95FC63A4-2D69-467E-A33B-88762994154F}.Debug|Any CPU.ActiveCfg = Debug|Any CPU
		{95FC63A4-2D69-467E-A33B-88762994154F}.Debug|Any CPU.Build.0 = Debug|Any CPU
		{95FC63A4-2D69-467E-A33B-88762994154F}.Release|Any CPU.ActiveCfg = Release|Any CPU
		{95FC63A4-2D69-467E-A33B-88762994154F}.Release|Any CPU.Build.0 = Release|Any CPU
		{C12ED220-FEBD-4E82-A64B-68A9784F2E9B}.Debug|Any CPU.ActiveCfg = Debug|Any CPU
		{C12ED220-FEBD-4E82-A64B-68A9784F2E9B}.Debug|Any CPU.Build.0 = Debug|Any CPU
		{C12ED220-FEBD-4E82-A64B-68A9784F2E9B}.Release|Any CPU.ActiveCfg = Release|Any CPU
		{C12ED220-FEBD-4E82-A64B-68A9784F2E9B}.Release|Any CPU.Build.0 = Release|Any CPU
		{C52C4DC2-7ABD-4E4D-A526-B336B4ACA576}.Debug|Any CPU.ActiveCfg = Debug|Any CPU
		{C52C4DC2-7ABD-4E4D-A526-B336B4ACA576}.Debug|Any CPU.Build.0 = Debug|Any CPU
		{C52C4DC2-7ABD-4E4D-A526-B336B4ACA576}.Release|Any CPU.ActiveCfg = Release|Any CPU
		{C52C4DC2-7ABD-4E4D-A526-B336B4ACA576}.Release|Any CPU.Build.0 = Release|Any CPU
		{BB61FE61-D8FF-40D0-A863-AA3E20C8359B}.Debug|Any CPU.ActiveCfg = Debug|Any CPU
		{BB61FE61-D8FF-40D0-A863-AA3E20C8359B}.Debug|Any CPU.Build.0 = Debug|Any CPU
		{BB61FE61-D8FF-40D0-A863-AA3E20C8359B}.Release|Any CPU.ActiveCfg = Release|Any CPU
		{BB61FE61-D8FF-40D0-A863-AA3E20C8359B}.Release|Any CPU.Build.0 = Release|Any CPU
		{455C30E5-7FA1-4FF2-B51D-A711EBB21293}.Debug|Any CPU.ActiveCfg = Debug|Any CPU
		{455C30E5-7FA1-4FF2-B51D-A711EBB21293}.Debug|Any CPU.Build.0 = Debug|Any CPU
		{455C30E5-7FA1-4FF2-B51D-A711EBB21293}.Release|Any CPU.ActiveCfg = Release|Any CPU
		{455C30E5-7FA1-4FF2-B51D-A711EBB21293}.Release|Any CPU.Build.0 = Release|Any CPU
		{F059342E-955A-4FE8-A47C-6486FE6E4F2D}.Debug|Any CPU.ActiveCfg = Debug|Any CPU
		{F059342E-955A-4FE8-A47C-6486FE6E4F2D}.Debug|Any CPU.Build.0 = Debug|Any CPU
		{F059342E-955A-4FE8-A47C-6486FE6E4F2D}.Release|Any CPU.ActiveCfg = Release|Any CPU
		{F059342E-955A-4FE8-A47C-6486FE6E4F2D}.Release|Any CPU.Build.0 = Release|Any CPU
		{83CA3787-5060-4D6B-933B-8CD1FBB9FF20}.Debug|Any CPU.ActiveCfg = Debug|Any CPU
		{83CA3787-5060-4D6B-933B-8CD1FBB9FF20}.Debug|Any CPU.Build.0 = Debug|Any CPU
		{83CA3787-5060-4D6B-933B-8CD1FBB9FF20}.Release|Any CPU.ActiveCfg = Release|Any CPU
		{83CA3787-5060-4D6B-933B-8CD1FBB9FF20}.Release|Any CPU.Build.0 = Release|Any CPU
		{67F6C4C2-A304-4969-B2FD-3F994888D328}.Debug|Any CPU.ActiveCfg = Debug|Any CPU
		{67F6C4C2-A304-4969-B2FD-3F994888D328}.Debug|Any CPU.Build.0 = Debug|Any CPU
		{67F6C4C2-A304-4969-B2FD-3F994888D328}.Release|Any CPU.ActiveCfg = Release|Any CPU
		{67F6C4C2-A304-4969-B2FD-3F994888D328}.Release|Any CPU.Build.0 = Release|Any CPU
		{EA71F45F-A384-4FC3-A9BF-F7AD0F26D29B}.Debug|Any CPU.ActiveCfg = Debug|Any CPU
		{EA71F45F-A384-4FC3-A9BF-F7AD0F26D29B}.Debug|Any CPU.Build.0 = Debug|Any CPU
		{EA71F45F-A384-4FC3-A9BF-F7AD0F26D29B}.Release|Any CPU.ActiveCfg = Release|Any CPU
		{EA71F45F-A384-4FC3-A9BF-F7AD0F26D29B}.Release|Any CPU.Build.0 = Release|Any CPU
	EndGlobalSection
	GlobalSection(SolutionProperties) = preSolution
		HideSolutionNode = FALSE
	EndGlobalSection
	GlobalSection(ExtensibilityGlobals) = postSolution
		SolutionGuid = {2DB3EE3B-4D9B-468E-87B0-FEDBB18C8282}
	EndGlobalSection
EndGlobal
